
Microsoft Visual Studio Solution File, Format Version 12.00
# Visual Studio 15
VisualStudioVersion = 15.0.26430.16
MinimumVisualStudioVersion = 10.0.40219.1
Project("{9A19103F-16F7-4668-BE54-9A1E7A4F7556}") = "StarmileFx.Api", "StarmileFx.Api\StarmileFx.Api.csproj", "{0F72BC00-3CFD-4302-8D81-9BFF722C60C1}"
EndProject
Project("{9A19103F-16F7-4668-BE54-9A1E7A4F7556}") = "StarmileFx.Common", "StarmileFx.Common\StarmileFx.Common.csproj", "{BC224894-A5B7-4E85-9AAC-E7DC3006266F}"
EndProject
Project("{9A19103F-16F7-4668-BE54-9A1E7A4F7556}") = "StarmileFx.Models", "StarmileFx.Models\StarmileFx.Models.csproj", "{31798FB6-A391-4C7D-B1EF-B6DFABD6A941}"
EndProject
Project("{9A19103F-16F7-4668-BE54-9A1E7A4F7556}") = "StarmileFx.Api.Server", "StarmileFx.Api.Server\StarmileFx.Api.Server.csproj", "{38DAC6E8-04B9-4C23-99D5-B99CE8588E68}"
EndProject
Project("{FAE04EC0-301F-11D3-BF4B-00C04F79EFBC}") = "StarmileFx.Resources", "StarmileFx.Resources\StarmileFx.Resources.csproj", "{B48B6EDC-2772-45BF-A928-5886BC5577FF}"
EndProject
Project("{FAE04EC0-301F-11D3-BF4B-00C04F79EFBC}") = "StarmileFx.Web.Server", "StarmileFx.Web.Server\StarmileFx.Web.Server.csproj", "{432EC47C-C7FD-4CA2-9E88-75C5E5A640C6}"
EndProject
Project("{FAE04EC0-301F-11D3-BF4B-00C04F79EFBC}") = "StarmileFx.Web", "StarmileFx.Web\StarmileFx.Web.csproj", "{0B444751-6646-42C6-BC01-870673CB371F}"
EndProject
Global
	GlobalSection(SolutionConfigurationPlatforms) = preSolution
		Debug|Any CPU = Debug|Any CPU
		Release|Any CPU = Release|Any CPU
	EndGlobalSection
	GlobalSection(ProjectConfigurationPlatforms) = postSolution
		{0F72BC00-3CFD-4302-8D81-9BFF722C60C1}.Debug|Any CPU.ActiveCfg = Debug|Any CPU
		{0F72BC00-3CFD-4302-8D81-9BFF722C60C1}.Debug|Any CPU.Build.0 = Debug|Any CPU
		{0F72BC00-3CFD-4302-8D81-9BFF722C60C1}.Release|Any CPU.ActiveCfg = Release|Any CPU
		{0F72BC00-3CFD-4302-8D81-9BFF722C60C1}.Release|Any CPU.Build.0 = Release|Any CPU
		{BC224894-A5B7-4E85-9AAC-E7DC3006266F}.Debug|Any CPU.ActiveCfg = Debug|Any CPU
		{BC224894-A5B7-4E85-9AAC-E7DC3006266F}.Debug|Any CPU.Build.0 = Debug|Any CPU
		{BC224894-A5B7-4E85-9AAC-E7DC3006266F}.Release|Any CPU.ActiveCfg = Release|Any CPU
		{BC224894-A5B7-4E85-9AAC-E7DC3006266F}.Release|Any CPU.Build.0 = Release|Any CPU
		{31798FB6-A391-4C7D-B1EF-B6DFABD6A941}.Debug|Any CPU.ActiveCfg = Debug|Any CPU
		{31798FB6-A391-4C7D-B1EF-B6DFABD6A941}.Debug|Any CPU.Build.0 = Debug|Any CPU
		{31798FB6-A391-4C7D-B1EF-B6DFABD6A941}.Release|Any CPU.ActiveCfg = Release|Any CPU
		{31798FB6-A391-4C7D-B1EF-B6DFABD6A941}.Release|Any CPU.Build.0 = Release|Any CPU
		{38DAC6E8-04B9-4C23-99D5-B99CE8588E68}.Debug|Any CPU.ActiveCfg = Debug|Any CPU
		{38DAC6E8-04B9-4C23-99D5-B99CE8588E68}.Debug|Any CPU.Build.0 = Debug|Any CPU
		{38DAC6E8-04B9-4C23-99D5-B99CE8588E68}.Release|Any CPU.ActiveCfg = Release|Any CPU
		{38DAC6E8-04B9-4C23-99D5-B99CE8588E68}.Release|Any CPU.Build.0 = Release|Any CPU
		{B48B6EDC-2772-45BF-A928-5886BC5577FF}.Debug|Any CPU.ActiveCfg = Debug|Any CPU
		{B48B6EDC-2772-45BF-A928-5886BC5577FF}.Debug|Any CPU.Build.0 = Debug|Any CPU
		{B48B6EDC-2772-45BF-A928-5886BC5577FF}.Release|Any CPU.ActiveCfg = Release|Any CPU
		{B48B6EDC-2772-45BF-A928-5886BC5577FF}.Release|Any CPU.Build.0 = Release|Any CPU
		{432EC47C-C7FD-4CA2-9E88-75C5E5A640C6}.Debug|Any CPU.ActiveCfg = Debug|Any CPU
		{432EC47C-C7FD-4CA2-9E88-75C5E5A640C6}.Debug|Any CPU.Build.0 = Debug|Any CPU
		{432EC47C-C7FD-4CA2-9E88-75C5E5A640C6}.Release|Any CPU.ActiveCfg = Release|Any CPU
		{432EC47C-C7FD-4CA2-9E88-75C5E5A640C6}.Release|Any CPU.Build.0 = Release|Any CPU
		{0B444751-6646-42C6-BC01-870673CB371F}.Debug|Any CPU.ActiveCfg = Debug|Any CPU
		{0B444751-6646-42C6-BC01-870673CB371F}.Debug|Any CPU.Build.0 = Debug|Any CPU
		{0B444751-6646-42C6-BC01-870673CB371F}.Release|Any CPU.ActiveCfg = Release|Any CPU
		{0B444751-6646-42C6-BC01-870673CB371F}.Release|Any CPU.Build.0 = Release|Any CPU
	EndGlobalSection
	GlobalSection(SolutionProperties) = preSolution
		HideSolutionNode = FALSE
	EndGlobalSection
EndGlobal
